
Microsoft Visual Studio Solution File, Format Version 12.00
# Visual Studio Version 17
VisualStudioVersion = 17.12.35707.178 d17.12
MinimumVisualStudioVersion = 10.0.40219.1
Project("{FAE04EC0-301F-11D3-BF4B-00C04F79EFBC}") = "Po1300_Kalkulacka", "Po1300_Kalkulacka\Po1300_Kalkulacka.csproj", "{BD56C13A-0B7C-4152-BF3A-D8D5E000575B}"
EndProject
Global
	GlobalSection(SolutionConfigurationPlatforms) = preSolution
		Debug|Any CPU = Debug|Any CPU
		Release|Any CPU = Release|Any CPU
	EndGlobalSection
	GlobalSection(ProjectConfigurationPlatforms) = postSolution
		{BD56C13A-0B7C-4152-BF3A-D8D5E000575B}.Debug|Any CPU.ActiveCfg = Debug|Any CPU
		{BD56C13A-0B7C-4152-BF3A-D8D5E000575B}.Debug|Any CPU.Build.0 = Debug|Any CPU
		{BD56C13A-0B7C-4152-BF3A-D8D5E000575B}.Release|Any CPU.ActiveCfg = Release|Any CPU
		{BD56C13A-0B7C-4152-BF3A-D8D5E000575B}.Release|Any CPU.Build.0 = Release|Any CPU
	EndGlobalSection
	GlobalSection(SolutionProperties) = preSolution
		HideSolutionNode = FALSE
	EndGlobalSection
EndGlobal
